// !$*UTF8*$!
{
	archiveVersion = 1;
	classes = {
	};
	objectVersion = 56;
	objects = {

/* Begin PBXBuildFile section */
		80169A672AE0CEF100FE1F60 /* Todo.swift in Sources */ = {isa = PBXBuildFile; fileRef = 80169A662AE0CEF100FE1F60 /* Todo.swift */; };
		80169A692AE0CF8A00FE1F60 /* TodoViewModel.swift in Sources */ = {isa = PBXBuildFile; fileRef = 80169A682AE0CF8A00FE1F60 /* TodoViewModel.swift */; };
		80169A6B2AE0D17500FE1F60 /* DataManager.swift in Sources */ = {isa = PBXBuildFile; fileRef = 80169A6A2AE0D17500FE1F60 /* DataManager.swift */; };
		802E4F402AE1BFE300FA75D1 /* TodoViewController.swift in Sources */ = {isa = PBXBuildFile; fileRef = 802E4F3F2AE1BFE300FA75D1 /* TodoViewController.swift */; };
		80302C212AE0CA2400AFABA9 /* AppDelegate.swift in Sources */ = {isa = PBXBuildFile; fileRef = 80302C202AE0CA2400AFABA9 /* AppDelegate.swift */; };
		80302C232AE0CA2400AFABA9 /* SceneDelegate.swift in Sources */ = {isa = PBXBuildFile; fileRef = 80302C222AE0CA2400AFABA9 /* SceneDelegate.swift */; };
		80302C252AE0CA2400AFABA9 /* ViewController.swift in Sources */ = {isa = PBXBuildFile; fileRef = 80302C242AE0CA2400AFABA9 /* ViewController.swift */; };
		80302C282AE0CA2400AFABA9 /* Main.storyboard in Resources */ = {isa = PBXBuildFile; fileRef = 80302C262AE0CA2400AFABA9 /* Main.storyboard */; };
		80302C2A2AE0CA2500AFABA9 /* Assets.xcassets in Resources */ = {isa = PBXBuildFile; fileRef = 80302C292AE0CA2500AFABA9 /* Assets.xcassets */; };
		80302C2D2AE0CA2500AFABA9 /* LaunchScreen.storyboard in Resources */ = {isa = PBXBuildFile; fileRef = 80302C2B2AE0CA2500AFABA9 /* LaunchScreen.storyboard */; };
		80A57DFC2AE19E9000CCAAFF /* CustomImageView.xib in Resources */ = {isa = PBXBuildFile; fileRef = 80A57DFB2AE19E9000CCAAFF /* CustomImageView.xib */; };
		80A57DFE2AE19EC100CCAAFF /* CustomImageView.swift in Sources */ = {isa = PBXBuildFile; fileRef = 80A57DFD2AE19EC100CCAAFF /* CustomImageView.swift */; };
		80A57E002AE1A22000CCAAFF /* TodoTableViewController.swift in Sources */ = {isa = PBXBuildFile; fileRef = 80A57DFF2AE1A22000CCAAFF /* TodoTableViewController.swift */; };
		80A57E032AE1A36900CCAAFF /* TodoTableViewCell.swift in Sources */ = {isa = PBXBuildFile; fileRef = 80A57E022AE1A36900CCAAFF /* TodoTableViewCell.swift */; };
		CD1E9E8B3681206D1D05899E /* Pods_TODO.framework in Frameworks */ = {isa = PBXBuildFile; fileRef = 5C7D79101F0E7A6E67D20AAF /* Pods_TODO.framework */; };
/* End PBXBuildFile section */

/* Begin PBXFileReference section */
		14475D5116BBD6AB5049A369 /* Pods-TODO.release.xcconfig */ = {isa = PBXFileReference; includeInIndex = 1; lastKnownFileType = text.xcconfig; name = "Pods-TODO.release.xcconfig"; path = "Target Support Files/Pods-TODO/Pods-TODO.release.xcconfig"; sourceTree = "<group>"; };
		4F82C9EE7B6CC15E5D8DB460 /* Pods-TODO.debug.xcconfig */ = {isa = PBXFileReference; includeInIndex = 1; lastKnownFileType = text.xcconfig; name = "Pods-TODO.debug.xcconfig"; path = "Target Support Files/Pods-TODO/Pods-TODO.debug.xcconfig"; sourceTree = "<group>"; };
		5C7D79101F0E7A6E67D20AAF /* Pods_TODO.framework */ = {isa = PBXFileReference; explicitFileType = wrapper.framework; includeInIndex = 0; path = Pods_TODO.framework; sourceTree = BUILT_PRODUCTS_DIR; };
		80169A662AE0CEF100FE1F60 /* Todo.swift */ = {isa = PBXFileReference; lastKnownFileType = sourcecode.swift; path = Todo.swift; sourceTree = "<group>"; };
		80169A682AE0CF8A00FE1F60 /* TodoViewModel.swift */ = {isa = PBXFileReference; lastKnownFileType = sourcecode.swift; path = TodoViewModel.swift; sourceTree = "<group>"; };
		80169A6A2AE0D17500FE1F60 /* DataManager.swift */ = {isa = PBXFileReference; lastKnownFileType = sourcecode.swift; path = DataManager.swift; sourceTree = "<group>"; };
		802E4F3F2AE1BFE300FA75D1 /* TodoViewController.swift */ = {isa = PBXFileReference; lastKnownFileType = sourcecode.swift; path = TodoViewController.swift; sourceTree = "<group>"; };
		80302C1D2AE0CA2400AFABA9 /* TODO.app */ = {isa = PBXFileReference; explicitFileType = wrapper.application; includeInIndex = 0; path = TODO.app; sourceTree = BUILT_PRODUCTS_DIR; };
		80302C202AE0CA2400AFABA9 /* AppDelegate.swift */ = {isa = PBXFileReference; lastKnownFileType = sourcecode.swift; path = AppDelegate.swift; sourceTree = "<group>"; };
		80302C222AE0CA2400AFABA9 /* SceneDelegate.swift */ = {isa = PBXFileReference; lastKnownFileType = sourcecode.swift; path = SceneDelegate.swift; sourceTree = "<group>"; };
		80302C242AE0CA2400AFABA9 /* ViewController.swift */ = {isa = PBXFileReference; lastKnownFileType = sourcecode.swift; path = ViewController.swift; sourceTree = "<group>"; };
		80302C272AE0CA2400AFABA9 /* Base */ = {isa = PBXFileReference; lastKnownFileType = file.storyboard; name = Base; path = Base.lproj/Main.storyboard; sourceTree = "<group>"; };
		80302C292AE0CA2500AFABA9 /* Assets.xcassets */ = {isa = PBXFileReference; lastKnownFileType = folder.assetcatalog; path = Assets.xcassets; sourceTree = "<group>"; };
		80302C2C2AE0CA2500AFABA9 /* Base */ = {isa = PBXFileReference; lastKnownFileType = file.storyboard; name = Base; path = Base.lproj/LaunchScreen.storyboard; sourceTree = "<group>"; };
		80302C2E2AE0CA2500AFABA9 /* Info.plist */ = {isa = PBXFileReference; lastKnownFileType = text.plist.xml; path = Info.plist; sourceTree = "<group>"; };
		80A57DFB2AE19E9000CCAAFF /* CustomImageView.xib */ = {isa = PBXFileReference; lastKnownFileType = file.xib; path = CustomImageView.xib; sourceTree = "<group>"; };
		80A57DFD2AE19EC100CCAAFF /* CustomImageView.swift */ = {isa = PBXFileReference; lastKnownFileType = sourcecode.swift; path = CustomImageView.swift; sourceTree = "<group>"; };
		80A57DFF2AE1A22000CCAAFF /* TodoTableViewController.swift */ = {isa = PBXFileReference; lastKnownFileType = sourcecode.swift; path = TodoTableViewController.swift; sourceTree = "<group>"; };
		80A57E022AE1A36900CCAAFF /* TodoTableViewCell.swift */ = {isa = PBXFileReference; lastKnownFileType = sourcecode.swift; path = TodoTableViewCell.swift; sourceTree = "<group>"; };
/* End PBXFileReference section */

/* Begin PBXFrameworksBuildPhase section */
		80302C1A2AE0CA2400AFABA9 /* Frameworks */ = {
			isa = PBXFrameworksBuildPhase;
			buildActionMask = 2147483647;
			files = (
				CD1E9E8B3681206D1D05899E /* Pods_TODO.framework in Frameworks */,
			);
			runOnlyForDeploymentPostprocessing = 0;
		};
/* End PBXFrameworksBuildPhase section */

/* Begin PBXGroup section */
		317A752484DE075B0EF4F466 /* Frameworks */ = {
			isa = PBXGroup;
			children = (
				5C7D79101F0E7A6E67D20AAF /* Pods_TODO.framework */,
			);
			name = Frameworks;
			sourceTree = "<group>";
		};
		80169A632AE0CE9F00FE1F60 /* Model */ = {
			isa = PBXGroup;
			children = (
				80169A662AE0CEF100FE1F60 /* Todo.swift */,
				80169A6A2AE0D17500FE1F60 /* DataManager.swift */,
			);
			path = Model;
			sourceTree = "<group>";
		};
		80169A642AE0CEBC00FE1F60 /* View */ = {
			isa = PBXGroup;
			children = (
				80A57E012AE1A34800CCAAFF /* Cell */,
				80A57DFA2AE19E2800CCAAFF /* XIBs */,
				80A57DFF2AE1A22000CCAAFF /* TodoTableViewController.swift */,
				802E4F3F2AE1BFE300FA75D1 /* TodoViewController.swift */,
			);
			path = View;
			sourceTree = "<group>";
		};
		80169A652AE0CEC800FE1F60 /* ViewModel */ = {
			isa = PBXGroup;
			children = (
				80169A682AE0CF8A00FE1F60 /* TodoViewModel.swift */,
			);
			path = ViewModel;
			sourceTree = "<group>";
		};
		80302C142AE0CA2400AFABA9 = {
			isa = PBXGroup;
			children = (
				80302C1F2AE0CA2400AFABA9 /* TODO */,
				80302C1E2AE0CA2400AFABA9 /* Products */,
				BEBAB44145002589B61CECBF /* Pods */,
				317A752484DE075B0EF4F466 /* Frameworks */,
			);
			sourceTree = "<group>";
		};
		80302C1E2AE0CA2400AFABA9 /* Products */ = {
			isa = PBXGroup;
			children = (
				80302C1D2AE0CA2400AFABA9 /* TODO.app */,
			);
			name = Products;
			sourceTree = "<group>";
		};
		80302C1F2AE0CA2400AFABA9 /* TODO */ = {
			isa = PBXGroup;
			children = (
				80169A652AE0CEC800FE1F60 /* ViewModel */,
				80169A642AE0CEBC00FE1F60 /* View */,
				80169A632AE0CE9F00FE1F60 /* Model */,
				80302C202AE0CA2400AFABA9 /* AppDelegate.swift */,
				80302C222AE0CA2400AFABA9 /* SceneDelegate.swift */,
				80302C242AE0CA2400AFABA9 /* ViewController.swift */,
				80302C262AE0CA2400AFABA9 /* Main.storyboard */,
				80302C292AE0CA2500AFABA9 /* Assets.xcassets */,
				80302C2B2AE0CA2500AFABA9 /* LaunchScreen.storyboard */,
				80302C2E2AE0CA2500AFABA9 /* Info.plist */,
			);
			path = TODO;
			sourceTree = "<group>";
		};
		80A57DFA2AE19E2800CCAAFF /* XIBs */ = {
			isa = PBXGroup;
			children = (
				80A57DFB2AE19E9000CCAAFF /* CustomImageView.xib */,
				80A57DFD2AE19EC100CCAAFF /* CustomImageView.swift */,
			);
			path = XIBs;
			sourceTree = "<group>";
		};
		80A57E012AE1A34800CCAAFF /* Cell */ = {
			isa = PBXGroup;
			children = (
				80A57E022AE1A36900CCAAFF /* TodoTableViewCell.swift */,
			);
			path = Cell;
			sourceTree = "<group>";
		};
		BEBAB44145002589B61CECBF /* Pods */ = {
			isa = PBXGroup;
			children = (
				4F82C9EE7B6CC15E5D8DB460 /* Pods-TODO.debug.xcconfig */,
				14475D5116BBD6AB5049A369 /* Pods-TODO.release.xcconfig */,
			);
			path = Pods;
			sourceTree = "<group>";
		};
/* End PBXGroup section */

/* Begin PBXNativeTarget section */
		80302C1C2AE0CA2400AFABA9 /* TODO */ = {
			isa = PBXNativeTarget;
			buildConfigurationList = 80302C312AE0CA2500AFABA9 /* Build configuration list for PBXNativeTarget "TODO" */;
			buildPhases = (
				0A3B188FE1C7B70A1D6F5C25 /* [CP] Check Pods Manifest.lock */,
				80302C192AE0CA2400AFABA9 /* Sources */,
				80302C1A2AE0CA2400AFABA9 /* Frameworks */,
				80302C1B2AE0CA2400AFABA9 /* Resources */,
				627FA4D1D6F670B2632CC92B /* [CP] Embed Pods Frameworks */,
			);
			buildRules = (
			);
			dependencies = (
			);
			name = TODO;
			productName = TODO;
			productReference = 80302C1D2AE0CA2400AFABA9 /* TODO.app */;
			productType = "com.apple.product-type.application";
		};
/* End PBXNativeTarget section */

/* Begin PBXProject section */
		80302C152AE0CA2400AFABA9 /* Project object */ = {
			isa = PBXProject;
			attributes = {
				BuildIndependentTargetsInParallel = 1;
				LastSwiftUpdateCheck = 1430;
				LastUpgradeCheck = 1430;
				TargetAttributes = {
					80302C1C2AE0CA2400AFABA9 = {
						CreatedOnToolsVersion = 14.3.1;
					};
				};
			};
			buildConfigurationList = 80302C182AE0CA2400AFABA9 /* Build configuration list for PBXProject "TODO" */;
			compatibilityVersion = "Xcode 14.0";
			developmentRegion = en;
			hasScannedForEncodings = 0;
			knownRegions = (
				en,
				Base,
			);
			mainGroup = 80302C142AE0CA2400AFABA9;
			productRefGroup = 80302C1E2AE0CA2400AFABA9 /* Products */;
			projectDirPath = "";
			projectRoot = "";
			targets = (
				80302C1C2AE0CA2400AFABA9 /* TODO */,
			);
		};
/* End PBXProject section */

/* Begin PBXResourcesBuildPhase section */
		80302C1B2AE0CA2400AFABA9 /* Resources */ = {
			isa = PBXResourcesBuildPhase;
			buildActionMask = 2147483647;
			files = (
				80302C2D2AE0CA2500AFABA9 /* LaunchScreen.storyboard in Resources */,
				80A57DFC2AE19E9000CCAAFF /* CustomImageView.xib in Resources */,
				80302C2A2AE0CA2500AFABA9 /* Assets.xcassets in Resources */,
				80302C282AE0CA2400AFABA9 /* Main.storyboard in Resources */,
			);
			runOnlyForDeploymentPostprocessing = 0;
		};
/* End PBXResourcesBuildPhase section */

/* Begin PBXShellScriptBuildPhase section */
		0A3B188FE1C7B70A1D6F5C25 /* [CP] Check Pods Manifest.lock */ = {
			isa = PBXShellScriptBuildPhase;
			buildActionMask = 2147483647;
			files = (
			);
			inputFileListPaths = (
			);
			inputPaths = (
				"${PODS_PODFILE_DIR_PATH}/Podfile.lock",
				"${PODS_ROOT}/Manifest.lock",
			);
			name = "[CP] Check Pods Manifest.lock";
			outputFileListPaths = (
			);
			outputPaths = (
				"$(DERIVED_FILE_DIR)/Pods-TODO-checkManifestLockResult.txt",
			);
			runOnlyForDeploymentPostprocessing = 0;
			shellPath = /bin/sh;
			shellScript = "diff \"${PODS_PODFILE_DIR_PATH}/Podfile.lock\" \"${PODS_ROOT}/Manifest.lock\" > /dev/null\nif [ $? != 0 ] ; then\n    # print error to STDERR\n    echo \"error: The sandbox is not in sync with the Podfile.lock. Run 'pod install' or update your CocoaPods installation.\" >&2\n    exit 1\nfi\n# This output is used by Xcode 'outputs' to avoid re-running this script phase.\necho \"SUCCESS\" > \"${SCRIPT_OUTPUT_FILE_0}\"\n";
			showEnvVarsInLog = 0;
		};
		627FA4D1D6F670B2632CC92B /* [CP] Embed Pods Frameworks */ = {
			isa = PBXShellScriptBuildPhase;
			buildActionMask = 2147483647;
			files = (
			);
			inputFileListPaths = (
				"${PODS_ROOT}/Target Support Files/Pods-TODO/Pods-TODO-frameworks-${CONFIGURATION}-input-files.xcfilelist",
			);
			name = "[CP] Embed Pods Frameworks";
			outputFileListPaths = (
				"${PODS_ROOT}/Target Support Files/Pods-TODO/Pods-TODO-frameworks-${CONFIGURATION}-output-files.xcfilelist",
			);
			runOnlyForDeploymentPostprocessing = 0;
			shellPath = /bin/sh;
			shellScript = "\"${PODS_ROOT}/Target Support Files/Pods-TODO/Pods-TODO-frameworks.sh\"\n";
			showEnvVarsInLog = 0;
		};
/* End PBXShellScriptBuildPhase section */

/* Begin PBXSourcesBuildPhase section */
		80302C192AE0CA2400AFABA9 /* Sources */ = {
			isa = PBXSourcesBuildPhase;
			buildActionMask = 2147483647;
			files = (
				80302C252AE0CA2400AFABA9 /* ViewController.swift in Sources */,
				80169A6B2AE0D17500FE1F60 /* DataManager.swift in Sources */,
				80302C212AE0CA2400AFABA9 /* AppDelegate.swift in Sources */,
				80A57E032AE1A36900CCAAFF /* TodoTableViewCell.swift in Sources */,
				80A57DFE2AE19EC100CCAAFF /* CustomImageView.swift in Sources */,
				80302C232AE0CA2400AFABA9 /* SceneDelegate.swift in Sources */,
				80A57E002AE1A22000CCAAFF /* TodoTableViewController.swift in Sources */,
				80169A692AE0CF8A00FE1F60 /* TodoViewModel.swift in Sources */,
				80169A672AE0CEF100FE1F60 /* Todo.swift in Sources */,
				802E4F402AE1BFE300FA75D1 /* TodoViewController.swift in Sources */,
			);
			runOnlyForDeploymentPostprocessing = 0;
		};
/* End PBXSourcesBuildPhase section */

/* Begin PBXVariantGroup section */
		80302C262AE0CA2400AFABA9 /* Main.storyboard */ = {
			isa = PBXVariantGroup;
			children = (
				80302C272AE0CA2400AFABA9 /* Base */,
			);
			name = Main.storyboard;
			sourceTree = "<group>";
		};
		80302C2B2AE0CA2500AFABA9 /* LaunchScreen.storyboard */ = {
			isa = PBXVariantGroup;
			children = (
				80302C2C2AE0CA2500AFABA9 /* Base */,
			);
			name = LaunchScreen.storyboard;
			sourceTree = "<group>";
		};
/* End PBXVariantGroup section */

/* Begin XCBuildConfiguration section */
		80302C2F2AE0CA2500AFABA9 /* Debug */ = {
			isa = XCBuildConfiguration;
			buildSettings = {
				ALWAYS_SEARCH_USER_PATHS = NO;
				CLANG_ANALYZER_NONNULL = YES;
				CLANG_ANALYZER_NUMBER_OBJECT_CONVERSION = YES_AGGRESSIVE;
				CLANG_CXX_LANGUAGE_STANDARD = "gnu++20";
				CLANG_ENABLE_MODULES = YES;
				CLANG_ENABLE_OBJC_ARC = YES;
				CLANG_ENABLE_OBJC_WEAK = YES;
				CLANG_WARN_BLOCK_CAPTURE_AUTORELEASING = YES;
				CLANG_WARN_BOOL_CONVERSION = YES;
				CLANG_WARN_COMMA = YES;
				CLANG_WARN_CONSTANT_CONVERSION = YES;
				CLANG_WARN_DEPRECATED_OBJC_IMPLEMENTATIONS = YES;
				CLANG_WARN_DIRECT_OBJC_ISA_USAGE = YES_ERROR;
				CLANG_WARN_DOCUMENTATION_COMMENTS = YES;
				CLANG_WARN_EMPTY_BODY = YES;
				CLANG_WARN_ENUM_CONVERSION = YES;
				CLANG_WARN_INFINITE_RECURSION = YES;
				CLANG_WARN_INT_CONVERSION = YES;
				CLANG_WARN_NON_LITERAL_NULL_CONVERSION = YES;
				CLANG_WARN_OBJC_IMPLICIT_RETAIN_SELF = YES;
				CLANG_WARN_OBJC_LITERAL_CONVERSION = YES;
				CLANG_WARN_OBJC_ROOT_CLASS = YES_ERROR;
				CLANG_WARN_QUOTED_INCLUDE_IN_FRAMEWORK_HEADER = YES;
				CLANG_WARN_RANGE_LOOP_ANALYSIS = YES;
				CLANG_WARN_STRICT_PROTOTYPES = YES;
				CLANG_WARN_SUSPICIOUS_MOVE = YES;
				CLANG_WARN_UNGUARDED_AVAILABILITY = YES_AGGRESSIVE;
				CLANG_WARN_UNREACHABLE_CODE = YES;
				CLANG_WARN__DUPLICATE_METHOD_MATCH = YES;
				COPY_PHASE_STRIP = NO;
				DEBUG_INFORMATION_FORMAT = dwarf;
				ENABLE_STRICT_OBJC_MSGSEND = YES;
				ENABLE_TESTABILITY = YES;
				GCC_C_LANGUAGE_STANDARD = gnu11;
				GCC_DYNAMIC_NO_PIC = NO;
				GCC_NO_COMMON_BLOCKS = YES;
				GCC_OPTIMIZATION_LEVEL = 0;
				GCC_PREPROCESSOR_DEFINITIONS = (
					"DEBUG=1",
					"$(inherited)",
				);
				GCC_WARN_64_TO_32_BIT_CONVERSION = YES;
				GCC_WARN_ABOUT_RETURN_TYPE = YES_ERROR;
				GCC_WARN_UNDECLARED_SELECTOR = YES;
				GCC_WARN_UNINITIALIZED_AUTOS = YES_AGGRESSIVE;
				GCC_WARN_UNUSED_FUNCTION = YES;
				GCC_WARN_UNUSED_VARIABLE = YES;
				IPHONEOS_DEPLOYMENT_TARGET = 16.4;
				MTL_ENABLE_DEBUG_INFO = INCLUDE_SOURCE;
				MTL_FAST_MATH = YES;
				ONLY_ACTIVE_ARCH = YES;
				SDKROOT = iphoneos;
				SWIFT_ACTIVE_COMPILATION_CONDITIONS = DEBUG;
				SWIFT_OPTIMIZATION_LEVEL = "-Onone";
			};
			name = Debug;
		};
		80302C302AE0CA2500AFABA9 /* Release */ = {
			isa = XCBuildConfiguration;
			buildSettings = {
				ALWAYS_SEARCH_USER_PATHS = NO;
				CLANG_ANALYZER_NONNULL = YES;
				CLANG_ANALYZER_NUMBER_OBJECT_CONVERSION = YES_AGGRESSIVE;
				CLANG_CXX_LANGUAGE_STANDARD = "gnu++20";
				CLANG_ENABLE_MODULES = YES;
				CLANG_ENABLE_OBJC_ARC = YES;
				CLANG_ENABLE_OBJC_WEAK = YES;
				CLANG_WARN_BLOCK_CAPTURE_AUTORELEASING = YES;
				CLANG_WARN_BOOL_CONVERSION = YES;
				CLANG_WARN_COMMA = YES;
				CLANG_WARN_CONSTANT_CONVERSION = YES;
				CLANG_WARN_DEPRECATED_OBJC_IMPLEMENTATIONS = YES;
				CLANG_WARN_DIRECT_OBJC_ISA_USAGE = YES_ERROR;
				CLANG_WARN_DOCUMENTATION_COMMENTS = YES;
				CLANG_WARN_EMPTY_BODY = YES;
				CLANG_WARN_ENUM_CONVERSION = YES;
				CLANG_WARN_INFINITE_RECURSION = YES;
				CLANG_WARN_INT_CONVERSION = YES;
				CLANG_WARN_NON_LITERAL_NULL_CONVERSION = YES;
				CLANG_WARN_OBJC_IMPLICIT_RETAIN_SELF = YES;
				CLANG_WARN_OBJC_LITERAL_CONVERSION = YES;
				CLANG_WARN_OBJC_ROOT_CLASS = YES_ERROR;
				CLANG_WARN_QUOTED_INCLUDE_IN_FRAMEWORK_HEADER = YES;
				CLANG_WARN_RANGE_LOOP_ANALYSIS = YES;
				CLANG_WARN_STRICT_PROTOTYPES = YES;
				CLANG_WARN_SUSPICIOUS_MOVE = YES;
				CLANG_WARN_UNGUARDED_AVAILABILITY = YES_AGGRESSIVE;
				CLANG_WARN_UNREACHABLE_CODE = YES;
				CLANG_WARN__DUPLICATE_METHOD_MATCH = YES;
				COPY_PHASE_STRIP = NO;
				DEBUG_INFORMATION_FORMAT = "dwarf-with-dsym";
				ENABLE_NS_ASSERTIONS = NO;
				ENABLE_STRICT_OBJC_MSGSEND = YES;
				GCC_C_LANGUAGE_STANDARD = gnu11;
				GCC_NO_COMMON_BLOCKS = YES;
				GCC_WARN_64_TO_32_BIT_CONVERSION = YES;
				GCC_WARN_ABOUT_RETURN_TYPE = YES_ERROR;
				GCC_WARN_UNDECLARED_SELECTOR = YES;
				GCC_WARN_UNINITIALIZED_AUTOS = YES_AGGRESSIVE;
				GCC_WARN_UNUSED_FUNCTION = YES;
				GCC_WARN_UNUSED_VARIABLE = YES;
				IPHONEOS_DEPLOYMENT_TARGET = 16.4;
				MTL_ENABLE_DEBUG_INFO = NO;
				MTL_FAST_MATH = YES;
				SDKROOT = iphoneos;
				SWIFT_COMPILATION_MODE = wholemodule;
				SWIFT_OPTIMIZATION_LEVEL = "-O";
				VALIDATE_PRODUCT = YES;
			};
			name = Release;
		};
		80302C322AE0CA2500AFABA9 /* Debug */ = {
			isa = XCBuildConfiguration;
			baseConfigurationReference = 4F82C9EE7B6CC15E5D8DB460 /* Pods-TODO.debug.xcconfig */;
			buildSettings = {
				ASSETCATALOG_COMPILER_APPICON_NAME = AppIcon;
				ASSETCATALOG_COMPILER_GLOBAL_ACCENT_COLOR_NAME = AccentColor;
				CODE_SIGN_STYLE = Automatic;
				CURRENT_PROJECT_VERSION = 1;
				DEVELOPMENT_TEAM = 83PA524KFW;
				GENERATE_INFOPLIST_FILE = YES;
				INFOPLIST_FILE = TODO/Info.plist;
				INFOPLIST_KEY_UIApplicationSupportsIndirectInputEvents = YES;
				INFOPLIST_KEY_UILaunchStoryboardName = LaunchScreen;
				INFOPLIST_KEY_UIMainStoryboardFile = Main;
				INFOPLIST_KEY_UISupportedInterfaceOrientations_iPad = "UIInterfaceOrientationPortrait UIInterfaceOrientationPortraitUpsideDown UIInterfaceOrientationLandscapeLeft UIInterfaceOrientationLandscapeRight";
				INFOPLIST_KEY_UISupportedInterfaceOrientations_iPhone = "UIInterfaceOrientationPortrait UIInterfaceOrientationLandscapeLeft UIInterfaceOrientationLandscapeRight";
				IPHONEOS_DEPLOYMENT_TARGET = 13.0;
				LD_RUNPATH_SEARCH_PATHS = (
					"$(inherited)",
					"@executable_path/Frameworks",
				);
				MARKETING_VERSION = 1.0;
				PRODUCT_BUNDLE_IDENTIFIER = com.projeto.TODO;
				PRODUCT_NAME = "$(TARGET_NAME)";
				SUPPORTED_PLATFORMS = "iphoneos iphonesimulator";
				SUPPORTS_MACCATALYST = NO;
				SUPPORTS_MAC_DESIGNED_FOR_IPHONE_IPAD = NO;
				SWIFT_EMIT_LOC_STRINGS = YES;
				SWIFT_VERSION = 5.0;
				TARGETED_DEVICE_FAMILY = 1;
			};
			name = Debug;
		};
		80302C332AE0CA2500AFABA9 /* Release */ = {
			isa = XCBuildConfiguration;
			baseConfigurationReference = 14475D5116BBD6AB5049A369 /* Pods-TODO.release.xcconfig */;
			buildSettings = {
				ASSETCATALOG_COMPILER_APPICON_NAME = AppIcon;
				ASSETCATALOG_COMPILER_GLOBAL_ACCENT_COLOR_NAME = AccentColor;
				CODE_SIGN_STYLE = Automatic;
				CURRENT_PROJECT_VERSION = 1;
				DEVELOPMENT_TEAM = 83PA524KFW;
				GENERATE_INFOPLIST_FILE = YES;
				INFOPLIST_FILE = TODO/Info.plist;
				INFOPLIST_KEY_UIApplicationSupportsIndirectInputEvents = YES;
				INFOPLIST_KEY_UILaunchStoryboardName = LaunchScreen;
				INFOPLIST_KEY_UIMainStoryboardFile = Main;
				INFOPLIST_KEY_UISupportedInterfaceOrientations_iPad = "UIInterfaceOrientationPortrait UIInterfaceOrientationPortraitUpsideDown UIInterfaceOrientationLandscapeLeft UIInterfaceOrientationLandscapeRight";
				INFOPLIST_KEY_UISupportedInterfaceOrientations_iPhone = "UIInterfaceOrientationPortrait UIInterfaceOrientationLandscapeLeft UIInterfaceOrientationLandscapeRight";
				IPHONEOS_DEPLOYMENT_TARGET = 13.0;
				LD_RUNPATH_SEARCH_PATHS = (
					"$(inherited)",
					"@executable_path/Frameworks",
				);
				MARKETING_VERSION = 1.0;
				PRODUCT_BUNDLE_IDENTIFIER = com.projeto.TODO;
				PRODUCT_NAME = "$(TARGET_NAME)";
				SUPPORTED_PLATFORMS = "iphoneos iphonesimulator";
				SUPPORTS_MACCATALYST = NO;
				SUPPORTS_MAC_DESIGNED_FOR_IPHONE_IPAD = NO;
				SWIFT_EMIT_LOC_STRINGS = YES;
				SWIFT_VERSION = 5.0;
				TARGETED_DEVICE_FAMILY = 1;
			};
			name = Release;
		};
/* End XCBuildConfiguration section */

/* Begin XCConfigurationList section */
		80302C182AE0CA2400AFABA9 /* Build configuration list for PBXProject "TODO" */ = {
			isa = XCConfigurationList;
			buildConfigurations = (
				80302C2F2AE0CA2500AFABA9 /* Debug */,
				80302C302AE0CA2500AFABA9 /* Release */,
			);
			defaultConfigurationIsVisible = 0;
			defaultConfigurationName = Release;
		};
		80302C312AE0CA2500AFABA9 /* Build configuration list for PBXNativeTarget "TODO" */ = {
			isa = XCConfigurationList;
			buildConfigurations = (
				80302C322AE0CA2500AFABA9 /* Debug */,
				80302C332AE0CA2500AFABA9 /* Release */,
			);
			defaultConfigurationIsVisible = 0;
			defaultConfigurationName = Release;
		};
/* End XCConfigurationList section */
	};
	rootObject = 80302C152AE0CA2400AFABA9 /* Project object */;
}
